// !$*UTF8*$!
{
	archiveVersion = 1;
	classes = {
	};
	objectVersion = 50;
	objects = {

/* Begin PBXBuildFile section */
		AA2EA8A425AB381B00A0DCCD /* QEngine.framework in Frameworks */ = {isa = PBXBuildFile; fileRef = AA2EA89A25AB381B00A0DCCD /* QEngine.framework */; };
		AA2EA8A925AB381B00A0DCCD /* QEngineTests.swift in Sources */ = {isa = PBXBuildFile; fileRef = AA2EA8A825AB381B00A0DCCD /* QEngineTests.swift */; };
		AA2EA8AB25AB381B00A0DCCD /* QEngine.h in Headers */ = {isa = PBXBuildFile; fileRef = AA2EA89D25AB381B00A0DCCD /* QEngine.h */; settings = {ATTRIBUTES = (Public, ); }; };
/* End PBXBuildFile section */

/* Begin PBXContainerItemProxy section */
		AA2EA8A525AB381B00A0DCCD /* PBXContainerItemProxy */ = {
			isa = PBXContainerItemProxy;
			containerPortal = AA2EA89125AB381B00A0DCCD /* Project object */;
			proxyType = 1;
			remoteGlobalIDString = AA2EA89925AB381B00A0DCCD;
			remoteInfo = QEngine;
		};
/* End PBXContainerItemProxy section */

/* Begin PBXFileReference section */
		AA2EA89A25AB381B00A0DCCD /* QEngine.framework */ = {isa = PBXFileReference; explicitFileType = wrapper.framework; includeInIndex = 0; path = QEngine.framework; sourceTree = BUILT_PRODUCTS_DIR; };
		AA2EA89D25AB381B00A0DCCD /* QEngine.h */ = {isa = PBXFileReference; lastKnownFileType = sourcecode.c.h; path = QEngine.h; sourceTree = "<group>"; };
		AA2EA89E25AB381B00A0DCCD /* Info.plist */ = {isa = PBXFileReference; lastKnownFileType = text.plist.xml; path = Info.plist; sourceTree = "<group>"; };
		AA2EA8A325AB381B00A0DCCD /* QEngineTests.xctest */ = {isa = PBXFileReference; explicitFileType = wrapper.cfbundle; includeInIndex = 0; path = QEngineTests.xctest; sourceTree = BUILT_PRODUCTS_DIR; };
		AA2EA8A825AB381B00A0DCCD /* QEngineTests.swift */ = {isa = PBXFileReference; lastKnownFileType = sourcecode.swift; path = QEngineTests.swift; sourceTree = "<group>"; };
		AA2EA8AA25AB381B00A0DCCD /* Info.plist */ = {isa = PBXFileReference; lastKnownFileType = text.plist.xml; path = Info.plist; sourceTree = "<group>"; };
/* End PBXFileReference section */

/* Begin PBXFrameworksBuildPhase section */
		AA2EA89725AB381B00A0DCCD /* Frameworks */ = {
			isa = PBXFrameworksBuildPhase;
			buildActionMask = 2147483647;
			files = (
			);
			runOnlyForDeploymentPostprocessing = 0;
		};
		AA2EA8A025AB381B00A0DCCD /* Frameworks */ = {
			isa = PBXFrameworksBuildPhase;
			buildActionMask = 2147483647;
			files = (
				AA2EA8A425AB381B00A0DCCD /* QEngine.framework in Frameworks */,
			);
			runOnlyForDeploymentPostprocessing = 0;
		};
/* End PBXFrameworksBuildPhase section */

/* Begin PBXGroup section */
		AA2EA89025AB381B00A0DCCD = {
			isa = PBXGroup;
			children = (
				AA2EA89C25AB381B00A0DCCD /* QEngine */,
				AA2EA8A725AB381B00A0DCCD /* QEngineTests */,
				AA2EA89B25AB381B00A0DCCD /* Products */,
			);
			sourceTree = "<group>";
		};
		AA2EA89B25AB381B00A0DCCD /* Products */ = {
			isa = PBXGroup;
			children = (
				AA2EA89A25AB381B00A0DCCD /* QEngine.framework */,
				AA2EA8A325AB381B00A0DCCD /* QEngineTests.xctest */,
			);
			name = Products;
			sourceTree = "<group>";
		};
		AA2EA89C25AB381B00A0DCCD /* QEngine */ = {
			isa = PBXGroup;
			children = (
				AA2EA89D25AB381B00A0DCCD /* QEngine.h */,
				AA2EA89E25AB381B00A0DCCD /* Info.plist */,
			);
			path = QEngine;
			sourceTree = "<group>";
		};
		AA2EA8A725AB381B00A0DCCD /* QEngineTests */ = {
			isa = PBXGroup;
			children = (
				AA2EA8A825AB381B00A0DCCD /* QEngineTests.swift */,
				AA2EA8AA25AB381B00A0DCCD /* Info.plist */,
			);
			path = QEngineTests;
			sourceTree = "<group>";
		};
/* End PBXGroup section */

/* Begin PBXHeadersBuildPhase section */
		AA2EA89525AB381B00A0DCCD /* Headers */ = {
			isa = PBXHeadersBuildPhase;
			buildActionMask = 2147483647;
			files = (
				AA2EA8AB25AB381B00A0DCCD /* QEngine.h in Headers */,
			);
			runOnlyForDeploymentPostprocessing = 0;
		};
/* End PBXHeadersBuildPhase section */

/* Begin PBXNativeTarget section */
		AA2EA89925AB381B00A0DCCD /* QEngine */ = {
			isa = PBXNativeTarget;
			buildConfigurationList = AA2EA8AE25AB381B00A0DCCD /* Build configuration list for PBXNativeTarget "QEngine" */;
			buildPhases = (
				AA2EA89525AB381B00A0DCCD /* Headers */,
				AA2EA89625AB381B00A0DCCD /* Sources */,
				AA2EA89725AB381B00A0DCCD /* Frameworks */,
				AA2EA89825AB381B00A0DCCD /* Resources */,
			);
			buildRules = (
			);
			dependencies = (
			);
			name = QEngine;
			productName = QEngine;
			productReference = AA2EA89A25AB381B00A0DCCD /* QEngine.framework */;
			productType = "com.apple.product-type.framework";
		};
		AA2EA8A225AB381B00A0DCCD /* QEngineTests */ = {
			isa = PBXNativeTarget;
			buildConfigurationList = AA2EA8B125AB381B00A0DCCD /* Build configuration list for PBXNativeTarget "QEngineTests" */;
			buildPhases = (
				AA2EA89F25AB381B00A0DCCD /* Sources */,
				AA2EA8A025AB381B00A0DCCD /* Frameworks */,
				AA2EA8A125AB381B00A0DCCD /* Resources */,
			);
			buildRules = (
			);
			dependencies = (
				AA2EA8A625AB381B00A0DCCD /* PBXTargetDependency */,
			);
			name = QEngineTests;
			productName = QEngineTests;
			productReference = AA2EA8A325AB381B00A0DCCD /* QEngineTests.xctest */;
			productType = "com.apple.product-type.bundle.unit-test";
		};
/* End PBXNativeTarget section */

/* Begin PBXProject section */
		AA2EA89125AB381B00A0DCCD /* Project object */ = {
			isa = PBXProject;
			attributes = {
				LastSwiftUpdateCheck = 1200;
				LastUpgradeCheck = 1200;
				TargetAttributes = {
					AA2EA89925AB381B00A0DCCD = {
						CreatedOnToolsVersion = 12.0;
					};
					AA2EA8A225AB381B00A0DCCD = {
						CreatedOnToolsVersion = 12.0;
					};
				};
			};
			buildConfigurationList = AA2EA89425AB381B00A0DCCD /* Build configuration list for PBXProject "QEngine" */;
			compatibilityVersion = "Xcode 9.3";
			developmentRegion = en;
			hasScannedForEncodings = 0;
			knownRegions = (
				en,
				Base,
			);
			mainGroup = AA2EA89025AB381B00A0DCCD;
			productRefGroup = AA2EA89B25AB381B00A0DCCD /* Products */;
			projectDirPath = "";
			projectRoot = "";
			targets = (
				AA2EA89925AB381B00A0DCCD /* QEngine */,
				AA2EA8A225AB381B00A0DCCD /* QEngineTests */,
			);
		};
/* End PBXProject section */

/* Begin PBXResourcesBuildPhase section */
		AA2EA89825AB381B00A0DCCD /* Resources */ = {
			isa = PBXResourcesBuildPhase;
			buildActionMask = 2147483647;
			files = (
			);
			runOnlyForDeploymentPostprocessing = 0;
		};
		AA2EA8A125AB381B00A0DCCD /* Resources */ = {
			isa = PBXResourcesBuildPhase;
			buildActionMask = 2147483647;
			files = (
			);
			runOnlyForDeploymentPostprocessing = 0;
		};
/* End PBXResourcesBuildPhase section */

/* Begin PBXSourcesBuildPhase section */
		AA2EA89625AB381B00A0DCCD /* Sources */ = {
			isa = PBXSourcesBuildPhase;
			buildActionMask = 2147483647;
			files = (
			);
			runOnlyForDeploymentPostprocessing = 0;
		};
		AA2EA89F25AB381B00A0DCCD /* Sources */ = {
			isa = PBXSourcesBuildPhase;
			buildActionMask = 2147483647;
			files = (
				AA2EA8A925AB381B00A0DCCD /* QEngineTests.swift in Sources */,
			);
			runOnlyForDeploymentPostprocessing = 0;
		};
/* End PBXSourcesBuildPhase section */

/* Begin PBXTargetDependency section */
		AA2EA8A625AB381B00A0DCCD /* PBXTargetDependency */ = {
			isa = PBXTargetDependency;
			target = AA2EA89925AB381B00A0DCCD /* QEngine */;
			targetProxy = AA2EA8A525AB381B00A0DCCD /* PBXContainerItemProxy */;
		};
/* End PBXTargetDependency section */

/* Begin XCBuildConfiguration section */
		AA2EA8AC25AB381B00A0DCCD /* Debug */ = {
			isa = XCBuildConfiguration;
			buildSettings = {
				ALWAYS_SEARCH_USER_PATHS = NO;
				CLANG_ANALYZER_NONNULL = YES;
				CLANG_ANALYZER_NUMBER_OBJECT_CONVERSION = YES_AGGRESSIVE;
				CLANG_CXX_LANGUAGE_STANDARD = "gnu++14";
				CLANG_CXX_LIBRARY = "libc++";
				CLANG_ENABLE_MODULES = YES;
				CLANG_ENABLE_OBJC_ARC = YES;
				CLANG_ENABLE_OBJC_WEAK = YES;
				CLANG_WARN_BLOCK_CAPTURE_AUTORELEASING = YES;
				CLANG_WARN_BOOL_CONVERSION = YES;
				CLANG_WARN_COMMA = YES;
				CLANG_WARN_CONSTANT_CONVERSION = YES;
				CLANG_WARN_DEPRECATED_OBJC_IMPLEMENTATIONS = YES;
				CLANG_WARN_DIRECT_OBJC_ISA_USAGE = YES_ERROR;
				CLANG_WARN_DOCUMENTATION_COMMENTS = YES;
				CLANG_WARN_EMPTY_BODY = YES;
				CLANG_WARN_ENUM_CONVERSION = YES;
				CLANG_WARN_INFINITE_RECURSION = YES;
				CLANG_WARN_INT_CONVERSION = YES;
				CLANG_WARN_NON_LITERAL_NULL_CONVERSION = YES;
				CLANG_WARN_OBJC_IMPLICIT_RETAIN_SELF = YES;
				CLANG_WARN_OBJC_LITERAL_CONVERSION = YES;
				CLANG_WARN_OBJC_ROOT_CLASS = YES_ERROR;
				CLANG_WARN_QUOTED_INCLUDE_IN_FRAMEWORK_HEADER = YES;
				CLANG_WARN_RANGE_LOOP_ANALYSIS = YES;
				CLANG_WARN_STRICT_PROTOTYPES = YES;
				CLANG_WARN_SUSPICIOUS_MOVE = YES;
				CLANG_WARN_UNGUARDED_AVAILABILITY = YES_AGGRESSIVE;
				CLANG_WARN_UNREACHABLE_CODE = YES;
				CLANG_WARN__DUPLICATE_METHOD_MATCH = YES;
				COPY_PHASE_STRIP = NO;
				CURRENT_PROJECT_VERSION = 1;
				DEBUG_INFORMATION_FORMAT = dwarf;
				ENABLE_STRICT_OBJC_MSGSEND = YES;
				ENABLE_TESTABILITY = YES;
				GCC_C_LANGUAGE_STANDARD = gnu11;
				GCC_DYNAMIC_NO_PIC = NO;
				GCC_NO_COMMON_BLOCKS = YES;
				GCC_OPTIMIZATION_LEVEL = 0;
				GCC_PREPROCESSOR_DEFINITIONS = (
					"DEBUG=1",
					"$(inherited)",
				);
				GCC_WARN_64_TO_32_BIT_CONVERSION = YES;
				GCC_WARN_ABOUT_RETURN_TYPE = YES_ERROR;
				GCC_WARN_UNDECLARED_SELECTOR = YES;
				GCC_WARN_UNINITIALIZED_AUTOS = YES_AGGRESSIVE;
				GCC_WARN_UNUSED_FUNCTION = YES;
				GCC_WARN_UNUSED_VARIABLE = YES;
				IPHONEOS_DEPLOYMENT_TARGET = 14.0;
				MTL_ENABLE_DEBUG_INFO = INCLUDE_SOURCE;
				MTL_FAST_MATH = YES;
				ONLY_ACTIVE_ARCH = YES;
				SDKROOT = iphoneos;
				SWIFT_ACTIVE_COMPILATION_CONDITIONS = DEBUG;
				SWIFT_OPTIMIZATION_LEVEL = "-Onone";
				VERSIONING_SYSTEM = "apple-generic";
				VERSION_INFO_PREFIX = "";
			};
			name = Debug;
		};
		AA2EA8AD25AB381B00A0DCCD /* Release */ = {
			isa = XCBuildConfiguration;
			buildSettings = {
				ALWAYS_SEARCH_USER_PATHS = NO;
				CLANG_ANALYZER_NONNULL = YES;
				CLANG_ANALYZER_NUMBER_OBJECT_CONVERSION = YES_AGGRESSIVE;
				CLANG_CXX_LANGUAGE_STANDARD = "gnu++14";
				CLANG_CXX_LIBRARY = "libc++";
				CLANG_ENABLE_MODULES = YES;
				CLANG_ENABLE_OBJC_ARC = YES;
				CLANG_ENABLE_OBJC_WEAK = YES;
				CLANG_WARN_BLOCK_CAPTURE_AUTORELEASING = YES;
				CLANG_WARN_BOOL_CONVERSION = YES;
				CLANG_WARN_COMMA = YES;
				CLANG_WARN_CONSTANT_CONVERSION = YES;
				CLANG_WARN_DEPRECATED_OBJC_IMPLEMENTATIONS = YES;
				CLANG_WARN_DIRECT_OBJC_ISA_USAGE = YES_ERROR;
				CLANG_WARN_DOCUMENTATION_COMMENTS = YES;
				CLANG_WARN_EMPTY_BODY = YES;
				CLANG_WARN_ENUM_CONVERSION = YES;
				CLANG_WARN_INFINITE_RECURSION = YES;
				CLANG_WARN_INT_CONVERSION = YES;
				CLANG_WARN_NON_LITERAL_NULL_CONVERSION = YES;
				CLANG_WARN_OBJC_IMPLICIT_RETAIN_SELF = YES;
				CLANG_WARN_OBJC_LITERAL_CONVERSION = YES;
				CLANG_WARN_OBJC_ROOT_CLASS = YES_ERROR;
				CLANG_WARN_QUOTED_INCLUDE_IN_FRAMEWORK_HEADER = YES;
				CLANG_WARN_RANGE_LOOP_ANALYSIS = YES;
				CLANG_WARN_STRICT_PROTOTYPES = YES;
				CLANG_WARN_SUSPICIOUS_MOVE = YES;
				CLANG_WARN_UNGUARDED_AVAILABILITY = YES_AGGRESSIVE;
				CLANG_WARN_UNREACHABLE_CODE = YES;
				CLANG_WARN__DUPLICATE_METHOD_MATCH = YES;
				COPY_PHASE_STRIP = NO;
				CURRENT_PROJECT_VERSION = 1;
				DEBUG_INFORMATION_FORMAT = "dwarf-with-dsym";
				ENABLE_NS_ASSERTIONS = NO;
				ENABLE_STRICT_OBJC_MSGSEND = YES;
				GCC_C_LANGUAGE_STANDARD = gnu11;
				GCC_NO_COMMON_BLOCKS = YES;
				GCC_WARN_64_TO_32_BIT_CONVERSION = YES;
				GCC_WARN_ABOUT_RETURN_TYPE = YES_ERROR;
				GCC_WARN_UNDECLARED_SELECTOR = YES;
				GCC_WARN_UNINITIALIZED_AUTOS = YES_AGGRESSIVE;
				GCC_WARN_UNUSED_FUNCTION = YES;
				GCC_WARN_UNUSED_VARIABLE = YES;
				IPHONEOS_DEPLOYMENT_TARGET = 14.0;
				MTL_ENABLE_DEBUG_INFO = NO;
				MTL_FAST_MATH = YES;
				SDKROOT = iphoneos;
				SWIFT_COMPILATION_MODE = wholemodule;
				SWIFT_OPTIMIZATION_LEVEL = "-O";
				VALIDATE_PRODUCT = YES;
				VERSIONING_SYSTEM = "apple-generic";
				VERSION_INFO_PREFIX = "";
			};
			name = Release;
		};
		AA2EA8AF25AB381B00A0DCCD /* Debug */ = {
			isa = XCBuildConfiguration;
			buildSettings = {
				CODE_SIGN_STYLE = Automatic;
				DEFINES_MODULE = YES;
				DEVELOPMENT_TEAM = 25258ALHUD;
				DYLIB_COMPATIBILITY_VERSION = 1;
				DYLIB_CURRENT_VERSION = 1;
				DYLIB_INSTALL_NAME_BASE = "@rpath";
				INFOPLIST_FILE = QEngine/Info.plist;
				INSTALL_PATH = "$(LOCAL_LIBRARY_DIR)/Frameworks";
				LD_RUNPATH_SEARCH_PATHS = (
					"$(inherited)",
					"@executable_path/Frameworks",
					"@loader_path/Frameworks",
				);
				PRODUCT_BUNDLE_IDENTIFIER = com.tcode.quizgame.QEngine;
				PRODUCT_NAME = "$(TARGET_NAME:c99extidentifier)";
				SKIP_INSTALL = YES;
				SWIFT_VERSION = 5.0;
				TARGETED_DEVICE_FAMILY = "1,2";
			};
			name = Debug;
		};
		AA2EA8B025AB381B00A0DCCD /* Release */ = {
			isa = XCBuildConfiguration;
			buildSettings = {
				CODE_SIGN_STYLE = Automatic;
				DEFINES_MODULE = YES;
				DEVELOPMENT_TEAM = 25258ALHUD;
				DYLIB_COMPATIBILITY_VERSION = 1;
				DYLIB_CURRENT_VERSION = 1;
				DYLIB_INSTALL_NAME_BASE = "@rpath";
				INFOPLIST_FILE = QEngine/Info.plist;
				INSTALL_PATH = "$(LOCAL_LIBRARY_DIR)/Frameworks";
				LD_RUNPATH_SEARCH_PATHS = (
					"$(inherited)",
					"@executable_path/Frameworks",
					"@loader_path/Frameworks",
				);
				PRODUCT_BUNDLE_IDENTIFIER = com.tcode.quizgame.QEngine;
				PRODUCT_NAME = "$(TARGET_NAME:c99extidentifier)";
				SKIP_INSTALL = YES;
				SWIFT_VERSION = 5.0;
				TARGETED_DEVICE_FAMILY = "1,2";
			};
			name = Release;
		};
		AA2EA8B225AB381B00A0DCCD /* Debug */ = {
			isa = XCBuildConfiguration;
			buildSettings = {
				CODE_SIGN_STYLE = Automatic;
				DEVELOPMENT_TEAM = 25258ALHUD;
				INFOPLIST_FILE = QEngineTests/Info.plist;
				LD_RUNPATH_SEARCH_PATHS = (
					"$(inherited)",
					"@executable_path/Frameworks",
					"@loader_path/Frameworks",
				);
				PRODUCT_BUNDLE_IDENTIFIER = com.tcode.quizgame.QEngineTests;
				PRODUCT_NAME = "$(TARGET_NAME)";
				SWIFT_VERSION = 5.0;
				TARGETED_DEVICE_FAMILY = "1,2";
			};
			name = Debug;
		};
		AA2EA8B325AB381B00A0DCCD /* Release */ = {
			isa = XCBuildConfiguration;
			buildSettings = {
				CODE_SIGN_STYLE = Automatic;
				DEVELOPMENT_TEAM = 25258ALHUD;
				INFOPLIST_FILE = QEngineTests/Info.plist;
				LD_RUNPATH_SEARCH_PATHS = (
					"$(inherited)",
					"@executable_path/Frameworks",
					"@loader_path/Frameworks",
				);
				PRODUCT_BUNDLE_IDENTIFIER = com.tcode.quizgame.QEngineTests;
				PRODUCT_NAME = "$(TARGET_NAME)";
				SWIFT_VERSION = 5.0;
				TARGETED_DEVICE_FAMILY = "1,2";
			};
			name = Release;
		};
/* End XCBuildConfiguration section */

/* Begin XCConfigurationList section */
		AA2EA89425AB381B00A0DCCD /* Build configuration list for PBXProject "QEngine" */ = {
			isa = XCConfigurationList;
			buildConfigurations = (
				AA2EA8AC25AB381B00A0DCCD /* Debug */,
				AA2EA8AD25AB381B00A0DCCD /* Release */,
			);
			defaultConfigurationIsVisible = 0;
			defaultConfigurationName = Release;
		};
		AA2EA8AE25AB381B00A0DCCD /* Build configuration list for PBXNativeTarget "QEngine" */ = {
			isa = XCConfigurationList;
			buildConfigurations = (
				AA2EA8AF25AB381B00A0DCCD /* Debug */,
				AA2EA8B025AB381B00A0DCCD /* Release */,
			);
			defaultConfigurationIsVisible = 0;
			defaultConfigurationName = Release;
		};
		AA2EA8B125AB381B00A0DCCD /* Build configuration list for PBXNativeTarget "QEngineTests" */ = {
			isa = XCConfigurationList;
			buildConfigurations = (
				AA2EA8B225AB381B00A0DCCD /* Debug */,
				AA2EA8B325AB381B00A0DCCD /* Release */,
			);
			defaultConfigurationIsVisible = 0;
			defaultConfigurationName = Release;
		};
/* End XCConfigurationList section */
	};
	rootObject = AA2EA89125AB381B00A0DCCD /* Project object */;
}
